
Microsoft Visual Studio Solution File, Format Version 12.00
# Visual Studio Version 17
VisualStudioVersion = 17.10.35122.118
MinimumVisualStudioVersion = 10.0.40219.1
Project("{9A19103F-16F7-4668-BE54-9A1E7A4F7556}") = "CadastroDeUsuario-API", "CadastroDeUsuario\CadastroDeUsuario-API.csproj", "{0C588C05-EE59-4469-9EFD-68A5CE9C6173}"
EndProject
Project("{2150E333-8FDC-42A3-9474-1A3956D46DE8}") = "01-Application", "01-Application", "{275D8E7E-471B-4CD2-A743-0FE3D5B692DE}"
EndProject
Project("{2150E333-8FDC-42A3-9474-1A3956D46DE8}") = "02-Services", "02-Services", "{833492F5-D38F-4FAC-8B3D-DD4DF3DDDFD4}"
EndProject
Project("{9A19103F-16F7-4668-BE54-9A1E7A4F7556}") = "CadastroDeUsuario-Services", "CadastroDeUsuario-Services\CadastroDeUsuario-Services.csproj", "{162D7EFE-46A5-48F9-B56A-0A01DDD1ACCD}"
EndProject
Project("{2150E333-8FDC-42A3-9474-1A3956D46DE8}") = "03-Domain", "03-Domain", "{6A8FDE29-6297-4361-A288-2FABBE588BEC}"
EndProject
Project("{2150E333-8FDC-42A3-9474-1A3956D46DE8}") = "04-Infra", "04-Infra", "{D9398578-2708-4012-A06C-37DDFC54BC50}"
EndProject
Project("{2150E333-8FDC-42A3-9474-1A3956D46DE8}") = "05-Dto", "05-Dto", "{0C45DE13-A91D-463D-B7B4-0FBEDE66334B}"
EndProject
Project("{2150E333-8FDC-42A3-9474-1A3956D46DE8}") = "06-Tests", "06-Tests", "{BC544558-29C0-443D-AC39-A73253331320}"
EndProject
Global
	GlobalSection(SolutionConfigurationPlatforms) = preSolution
		Debug|Any CPU = Debug|Any CPU
		Release|Any CPU = Release|Any CPU
	EndGlobalSection
	GlobalSection(ProjectConfigurationPlatforms) = postSolution
		{0C588C05-EE59-4469-9EFD-68A5CE9C6173}.Debug|Any CPU.ActiveCfg = Debug|Any CPU
		{0C588C05-EE59-4469-9EFD-68A5CE9C6173}.Debug|Any CPU.Build.0 = Debug|Any CPU
		{0C588C05-EE59-4469-9EFD-68A5CE9C6173}.Release|Any CPU.ActiveCfg = Release|Any CPU
		{0C588C05-EE59-4469-9EFD-68A5CE9C6173}.Release|Any CPU.Build.0 = Release|Any CPU
		{162D7EFE-46A5-48F9-B56A-0A01DDD1ACCD}.Debug|Any CPU.ActiveCfg = Debug|Any CPU
		{162D7EFE-46A5-48F9-B56A-0A01DDD1ACCD}.Debug|Any CPU.Build.0 = Debug|Any CPU
		{162D7EFE-46A5-48F9-B56A-0A01DDD1ACCD}.Release|Any CPU.ActiveCfg = Release|Any CPU
		{162D7EFE-46A5-48F9-B56A-0A01DDD1ACCD}.Release|Any CPU.Build.0 = Release|Any CPU
	EndGlobalSection
	GlobalSection(SolutionProperties) = preSolution
		HideSolutionNode = FALSE
	EndGlobalSection
	GlobalSection(NestedProjects) = preSolution
		{0C588C05-EE59-4469-9EFD-68A5CE9C6173} = {275D8E7E-471B-4CD2-A743-0FE3D5B692DE}
		{162D7EFE-46A5-48F9-B56A-0A01DDD1ACCD} = {833492F5-D38F-4FAC-8B3D-DD4DF3DDDFD4}
	EndGlobalSection
	GlobalSection(ExtensibilityGlobals) = postSolution
		SolutionGuid = {7E3EB59E-656F-4CA8-9E1F-A88C8576DF61}
	EndGlobalSection
EndGlobal
